// !$*UTF8*$!
{
	archiveVersion = 1;
	classes = {
	};
	objectVersion = 46;
	objects = {

/* Begin PBXBuildFile section */
		A0C952381E16339600B1C2DB /* AppDelegate.swift in Sources */ = {isa = PBXBuildFile; fileRef = A0C952371E16339600B1C2DB /* AppDelegate.swift */; };
		A0C9523A1E16339600B1C2DB /* ViewController.swift in Sources */ = {isa = PBXBuildFile; fileRef = A0C952391E16339600B1C2DB /* ViewController.swift */; };
		A0C9523D1E16339600B1C2DB /* Main.storyboard in Resources */ = {isa = PBXBuildFile; fileRef = A0C9523B1E16339600B1C2DB /* Main.storyboard */; };
		A0C9523F1E16339600B1C2DB /* Assets.xcassets in Resources */ = {isa = PBXBuildFile; fileRef = A0C9523E1E16339600B1C2DB /* Assets.xcassets */; };
		A0C952421E16339600B1C2DB /* LaunchScreen.storyboard in Resources */ = {isa = PBXBuildFile; fileRef = A0C952401E16339600B1C2DB /* LaunchScreen.storyboard */; };
/* End PBXBuildFile section */

/* Begin PBXFileReference section */
		A0C952341E16339600B1C2DB /* SocialAppDemo.app */ = {isa = PBXFileReference; explicitFileType = wrapper.application; includeInIndex = 0; path = SocialAppDemo.app; sourceTree = BUILT_PRODUCTS_DIR; };
		A0C952371E16339600B1C2DB /* AppDelegate.swift */ = {isa = PBXFileReference; lastKnownFileType = sourcecode.swift; path = AppDelegate.swift; sourceTree = "<group>"; };
		A0C952391E16339600B1C2DB /* ViewController.swift */ = {isa = PBXFileReference; lastKnownFileType = sourcecode.swift; path = ViewController.swift; sourceTree = "<group>"; };
		A0C9523C1E16339600B1C2DB /* Base */ = {isa = PBXFileReference; lastKnownFileType = file.storyboard; name = Base; path = Base.lproj/Main.storyboard; sourceTree = "<group>"; };
		A0C9523E1E16339600B1C2DB /* Assets.xcassets */ = {isa = PBXFileReference; lastKnownFileType = folder.assetcatalog; path = Assets.xcassets; sourceTree = "<group>"; };
		A0C952411E16339600B1C2DB /* Base */ = {isa = PBXFileReference; lastKnownFileType = file.storyboard; name = Base; path = Base.lproj/LaunchScreen.storyboard; sourceTree = "<group>"; };
		A0C952431E16339600B1C2DB /* Info.plist */ = {isa = PBXFileReference; lastKnownFileType = text.plist.xml; path = Info.plist; sourceTree = "<group>"; };
/* End PBXFileReference section */

/* Begin PBXFrameworksBuildPhase section */
		A0C952311E16339600B1C2DB /* Frameworks */ = {
			isa = PBXFrameworksBuildPhase;
			buildActionMask = 2147483647;
			files = (
			);
			runOnlyForDeploymentPostprocessing = 0;
		};
/* End PBXFrameworksBuildPhase section */

/* Begin PBXGroup section */
		A0C9522B1E16339600B1C2DB = {
			isa = PBXGroup;
			children = (
				A0C952361E16339600B1C2DB /* SocialAppDemo */,
				A0C952351E16339600B1C2DB /* Products */,
			);
			sourceTree = "<group>";
		};
		A0C952351E16339600B1C2DB /* Products */ = {
			isa = PBXGroup;
			children = (
				A0C952341E16339600B1C2DB /* SocialAppDemo.app */,
			);
			name = Products;
			sourceTree = "<group>";
		};
		A0C952361E16339600B1C2DB /* SocialAppDemo */ = {
			isa = PBXGroup;
			children = (
				A0C952371E16339600B1C2DB /* AppDelegate.swift */,
				A0C952391E16339600B1C2DB /* ViewController.swift */,
				A0C9523B1E16339600B1C2DB /* Main.storyboard */,
				A0C9523E1E16339600B1C2DB /* Assets.xcassets */,
				A0C952401E16339600B1C2DB /* LaunchScreen.storyboard */,
				A0C952431E16339600B1C2DB /* Info.plist */,
			);
			path = SocialAppDemo;
			sourceTree = "<group>";
		};
/* End PBXGroup section */

/* Begin PBXNativeTarget section */
		A0C952331E16339600B1C2DB /* SocialAppDemo */ = {
			isa = PBXNativeTarget;
			buildConfigurationList = A0C952461E16339600B1C2DB /* Build configuration list for PBXNativeTarget "SocialAppDemo" */;
			buildPhases = (
				A0C952301E16339600B1C2DB /* Sources */,
				A0C952311E16339600B1C2DB /* Frameworks */,
				A0C952321E16339600B1C2DB /* Resources */,
			);
			buildRules = (
			);
			dependencies = (
			);
			name = SocialAppDemo;
			productName = SocialAppDemo;
			productReference = A0C952341E16339600B1C2DB /* SocialAppDemo.app */;
			productType = "com.apple.product-type.application";
		};
/* End PBXNativeTarget section */

/* Begin PBXProject section */
		A0C9522C1E16339600B1C2DB /* Project object */ = {
			isa = PBXProject;
			attributes = {
				LastSwiftUpdateCheck = 0820;
				LastUpgradeCheck = 0820;
				ORGANIZATIONNAME = AppDeck;
				TargetAttributes = {
					A0C952331E16339600B1C2DB = {
						CreatedOnToolsVersion = 8.2;
						DevelopmentTeam = ELB3ZWBCQN;
						ProvisioningStyle = Automatic;
					};
				};
			};
			buildConfigurationList = A0C9522F1E16339600B1C2DB /* Build configuration list for PBXProject "SocialAppDemo" */;
			compatibilityVersion = "Xcode 3.2";
			developmentRegion = English;
			hasScannedForEncodings = 0;
			knownRegions = (
				en,
				Base,
			);
			mainGroup = A0C9522B1E16339600B1C2DB;
			productRefGroup = A0C952351E16339600B1C2DB /* Products */;
			projectDirPath = "";
			projectRoot = "";
			targets = (
				A0C952331E16339600B1C2DB /* SocialAppDemo */,
			);
		};
/* End PBXProject section */

/* Begin PBXResourcesBuildPhase section */
		A0C952321E16339600B1C2DB /* Resources */ = {
			isa = PBXResourcesBuildPhase;
			buildActionMask = 2147483647;
			files = (
				A0C952421E16339600B1C2DB /* LaunchScreen.storyboard in Resources */,
				A0C9523F1E16339600B1C2DB /* Assets.xcassets in Resources */,
				A0C9523D1E16339600B1C2DB /* Main.storyboard in Resources */,
			);
			runOnlyForDeploymentPostprocessing = 0;
		};
/* End PBXResourcesBuildPhase section */

/* Begin PBXSourcesBuildPhase section */
		A0C952301E16339600B1C2DB /* Sources */ = {
			isa = PBXSourcesBuildPhase;
			buildActionMask = 2147483647;
			files = (
				A0C9523A1E16339600B1C2DB /* ViewController.swift in Sources */,
				A0C952381E16339600B1C2DB /* AppDelegate.swift in Sources */,
			);
			runOnlyForDeploymentPostprocessing = 0;
		};
/* End PBXSourcesBuildPhase section */

/* Begin PBXVariantGroup section */
		A0C9523B1E16339600B1C2DB /* Main.storyboard */ = {
			isa = PBXVariantGroup;
			children = (
				A0C9523C1E16339600B1C2DB /* Base */,
			);
			name = Main.storyboard;
			sourceTree = "<group>";
		};
		A0C952401E16339600B1C2DB /* LaunchScreen.storyboard */ = {
			isa = PBXVariantGroup;
			children = (
				A0C952411E16339600B1C2DB /* Base */,
			);
			name = LaunchScreen.storyboard;
			sourceTree = "<group>";
		};
/* End PBXVariantGroup section */

/* Begin XCBuildConfiguration section */
		A0C952441E16339600B1C2DB /* Debug */ = {
			isa = XCBuildConfiguration;
			buildSettings = {
				ALWAYS_SEARCH_USER_PATHS = NO;
				CLANG_ANALYZER_NONNULL = YES;
				CLANG_CXX_LANGUAGE_STANDARD = "gnu++0x";
				CLANG_CXX_LIBRARY = "libc++";
				CLANG_ENABLE_MODULES = YES;
				CLANG_ENABLE_OBJC_ARC = YES;
				CLANG_WARN_BOOL_CONVERSION = YES;
				CLANG_WARN_CONSTANT_CONVERSION = YES;
				CLANG_WARN_DIRECT_OBJC_ISA_USAGE = YES_ERROR;
				CLANG_WARN_DOCUMENTATION_COMMENTS = YES;
				CLANG_WARN_EMPTY_BODY = YES;
				CLANG_WARN_ENUM_CONVERSION = YES;
				CLANG_WARN_INFINITE_RECURSION = YES;
				CLANG_WARN_INT_CONVERSION = YES;
				CLANG_WARN_OBJC_ROOT_CLASS = YES_ERROR;
				CLANG_WARN_SUSPICIOUS_MOVE = YES;
				CLANG_WARN_UNREACHABLE_CODE = YES;
				CLANG_WARN__DUPLICATE_METHOD_MATCH = YES;
				"CODE_SIGN_IDENTITY[sdk=iphoneos*]" = "iPhone Developer";
				COPY_PHASE_STRIP = NO;
				DEBUG_INFORMATION_FORMAT = dwarf;
				ENABLE_STRICT_OBJC_MSGSEND = YES;
				ENABLE_TESTABILITY = YES;
				GCC_C_LANGUAGE_STANDARD = gnu99;
				GCC_DYNAMIC_NO_PIC = NO;
				GCC_NO_COMMON_BLOCKS = YES;
				GCC_OPTIMIZATION_LEVEL = 0;
				GCC_PREPROCESSOR_DEFINITIONS = (
					"DEBUG=1",
					"$(inherited)",
				);
				GCC_WARN_64_TO_32_BIT_CONVERSION = YES;
				GCC_WARN_ABOUT_RETURN_TYPE = YES_ERROR;
				GCC_WARN_UNDECLARED_SELECTOR = YES;
				GCC_WARN_UNINITIALIZED_AUTOS = YES_AGGRESSIVE;
				GCC_WARN_UNUSED_FUNCTION = YES;
				GCC_WARN_UNUSED_VARIABLE = YES;
				IPHONEOS_DEPLOYMENT_TARGET = 10.2;
				MTL_ENABLE_DEBUG_INFO = YES;
				ONLY_ACTIVE_ARCH = YES;
				SDKROOT = iphoneos;
				SWIFT_ACTIVE_COMPILATION_CONDITIONS = DEBUG;
				SWIFT_OPTIMIZATION_LEVEL = "-Onone";
			};
			name = Debug;
		};
		A0C952451E16339600B1C2DB /* Release */ = {
			isa = XCBuildConfiguration;
			buildSettings = {
				ALWAYS_SEARCH_USER_PATHS = NO;
				CLANG_ANALYZER_NONNULL = YES;
				CLANG_CXX_LANGUAGE_STANDARD = "gnu++0x";
				CLANG_CXX_LIBRARY = "libc++";
				CLANG_ENABLE_MODULES = YES;
				CLANG_ENABLE_OBJC_ARC = YES;
				CLANG_WARN_BOOL_CONVERSION = YES;
				CLANG_WARN_CONSTANT_CONVERSION = YES;
				CLANG_WARN_DIRECT_OBJC_ISA_USAGE = YES_ERROR;
				CLANG_WARN_DOCUMENTATION_COMMENTS = YES;
				CLANG_WARN_EMPTY_BODY = YES;
				CLANG_WARN_ENUM_CONVERSION = YES;
				CLANG_WARN_INFINITE_RECURSION = YES;
				CLANG_WARN_INT_CONVERSION = YES;
				CLANG_WARN_OBJC_ROOT_CLASS = YES_ERROR;
				CLANG_WARN_SUSPICIOUS_MOVE = YES;
				CLANG_WARN_UNREACHABLE_CODE = YES;
				CLANG_WARN__DUPLICATE_METHOD_MATCH = YES;
				"CODE_SIGN_IDENTITY[sdk=iphoneos*]" = "iPhone Developer";
				COPY_PHASE_STRIP = NO;
				DEBUG_INFORMATION_FORMAT = "dwarf-with-dsym";
				ENABLE_NS_ASSERTIONS = NO;
				ENABLE_STRICT_OBJC_MSGSEND = YES;
				GCC_C_LANGUAGE_STANDARD = gnu99;
				GCC_NO_COMMON_BLOCKS = YES;
				GCC_WARN_64_TO_32_BIT_CONVERSION = YES;
				GCC_WARN_ABOUT_RETURN_TYPE = YES_ERROR;
				GCC_WARN_UNDECLARED_SELECTOR = YES;
				GCC_WARN_UNINITIALIZED_AUTOS = YES_AGGRESSIVE;
				GCC_WARN_UNUSED_FUNCTION = YES;
				GCC_WARN_UNUSED_VARIABLE = YES;
				IPHONEOS_DEPLOYMENT_TARGET = 10.2;
				MTL_ENABLE_DEBUG_INFO = NO;
				SDKROOT = iphoneos;
				SWIFT_OPTIMIZATION_LEVEL = "-Owholemodule";
				VALIDATE_PRODUCT = YES;
			};
			name = Release;
		};
		A0C952471E16339600B1C2DB /* Debug */ = {
			isa = XCBuildConfiguration;
			buildSettings = {
				ASSETCATALOG_COMPILER_APPICON_NAME = AppIcon;
				DEVELOPMENT_TEAM = ELB3ZWBCQN;
				INFOPLIST_FILE = SocialAppDemo/Info.plist;
				LD_RUNPATH_SEARCH_PATHS = "$(inherited) @executable_path/Frameworks";
				PRODUCT_BUNDLE_IDENTIFIER = com.appdeck.SocialAppDemo;
				PRODUCT_NAME = "$(TARGET_NAME)";
				SWIFT_VERSION = 3.0;
			};
			name = Debug;
		};
		A0C952481E16339600B1C2DB /* Release */ = {
			isa = XCBuildConfiguration;
			buildSettings = {
				ASSETCATALOG_COMPILER_APPICON_NAME = AppIcon;
				DEVELOPMENT_TEAM = ELB3ZWBCQN;
				INFOPLIST_FILE = SocialAppDemo/Info.plist;
				LD_RUNPATH_SEARCH_PATHS = "$(inherited) @executable_path/Frameworks";
				PRODUCT_BUNDLE_IDENTIFIER = com.appdeck.SocialAppDemo;
				PRODUCT_NAME = "$(TARGET_NAME)";
				SWIFT_VERSION = 3.0;
			};
			name = Release;
		};
/* End XCBuildConfiguration section */

/* Begin XCConfigurationList section */
		A0C9522F1E16339600B1C2DB /* Build configuration list for PBXProject "SocialAppDemo" */ = {
			isa = XCConfigurationList;
			buildConfigurations = (
				A0C952441E16339600B1C2DB /* Debug */,
				A0C952451E16339600B1C2DB /* Release */,
			);
			defaultConfigurationIsVisible = 0;
			defaultConfigurationName = Release;
		};
		A0C952461E16339600B1C2DB /* Build configuration list for PBXNativeTarget "SocialAppDemo" */ = {
			isa = XCConfigurationList;
			buildConfigurations = (
				A0C952471E16339600B1C2DB /* Debug */,
				A0C952481E16339600B1C2DB /* Release */,
			);
			defaultConfigurationIsVisible = 0;
		};
/* End XCConfigurationList section */
	};
	rootObject = A0C9522C1E16339600B1C2DB /* Project object */;
}
